{
	"name": "chairs-etc",
	"lockfileVersion": 3,
	"requires": true,
	"packages": {
		"": {
			"name": "chairs-etc",
			"dependencies": {
				"@dimforge/rapier3d": "0.14.0",
				"@iwer/devui": "^0.2.1",
				"@iwer/sem": "file:iwer-sem-0.1.0.tgz",
				"@pmndrs/uikit": "0.6.2",
				"elics": "0.1.5",
				"gamepad-wrapper": "1.3.4",
				"iwer": "^1.1.1",
				"ratk": "0.3.0",
				"three": "npm:super-three@0.165.0",
				"three-mesh-bvh": "0.8.2"
			}
		},
		"node_modules/@alloc/quick-lru": {
			"version": "5.2.0",
			"license": "MIT",
			"engines": {
				"node": ">=10"
			},
			"funding": {
				"url": "https://github.com/sponsors/sindresorhus"
			}
		},
		"node_modules/@bufbuild/protobuf": {
			"version": "2.2.3",
			"resolved": "https://registry.npmjs.org/@bufbuild/protobuf/-/protobuf-2.2.3.tgz",
			"integrity": "sha512-tFQoXHJdkEOSwj5tRIZSPNUuXK3RaR7T1nUrPgbYX1pUbvqqaaZAsfo+NXBPsz5rZMSKVFrgK1WL8Q/MSLvprg==",
			"license": "(Apache-2.0 AND BSD-3-Clause)"
		},
		"node_modules/@dimforge/rapier3d": {
			"version": "0.14.0",
			"license": "Apache-2.0"
		},
		"node_modules/@emotion/is-prop-valid": {
			"version": "1.2.2",
			"resolved": "https://registry.npmjs.org/@emotion/is-prop-valid/-/is-prop-valid-1.2.2.tgz",
			"integrity": "sha512-uNsoYd37AFmaCdXlg6EYD1KaPOaRWRByMCYzbKUX4+hhMfrxdVSelShywL4JVaAeM/eHUOSprYBQls+/neX3pw==",
			"license": "MIT",
			"dependencies": {
				"@emotion/memoize": "^0.8.1"
			}
		},
		"node_modules/@emotion/memoize": {
			"version": "0.8.1",
			"resolved": "https://registry.npmjs.org/@emotion/memoize/-/memoize-0.8.1.tgz",
			"integrity": "sha512-W2P2c/VRW1/1tLox0mVUalvnWXxavmv/Oum2aPsRcoDJuob75FC3Y8FbpfLwUegRcxINtGUMPq0tFCvYNTBXNA==",
			"license": "MIT"
		},
		"node_modules/@emotion/unitless": {
			"version": "0.8.1",
			"resolved": "https://registry.npmjs.org/@emotion/unitless/-/unitless-0.8.1.tgz",
			"integrity": "sha512-KOEGMu6dmJZtpadb476IsZBclKvILjopjUii3V+7MnXIQCYh8W3NgNcgwo21n9LXZX6EDIKvqfjYxXebDwxKmQ==",
			"license": "MIT"
		},
		"node_modules/@fortawesome/fontawesome-common-types": {
			"version": "6.6.0",
			"resolved": "https://registry.npmjs.org/@fortawesome/fontawesome-common-types/-/fontawesome-common-types-6.6.0.tgz",
			"integrity": "sha512-xyX0X9mc0kyz9plIyryrRbl7ngsA9jz77mCZJsUkLl+ZKs0KWObgaEBoSgQiYWAsSmjz/yjl0F++Got0Mdp4Rw==",
			"license": "MIT",
			"engines": {
				"node": ">=6"
			}
		},
		"node_modules/@fortawesome/fontawesome-svg-core": {
			"version": "6.6.0",
			"resolved": "https://registry.npmjs.org/@fortawesome/fontawesome-svg-core/-/fontawesome-svg-core-6.6.0.tgz",
			"integrity": "sha512-KHwPkCk6oRT4HADE7smhfsKudt9N/9lm6EJ5BVg0tD1yPA5hht837fB87F8pn15D8JfTqQOjhKTktwmLMiD7Kg==",
			"license": "MIT",
			"dependencies": {
				"@fortawesome/fontawesome-common-types": "6.6.0"
			},
			"engines": {
				"node": ">=6"
			}
		},
		"node_modules/@fortawesome/free-solid-svg-icons": {
			"version": "6.6.0",
			"resolved": "https://registry.npmjs.org/@fortawesome/free-solid-svg-icons/-/free-solid-svg-icons-6.6.0.tgz",
			"integrity": "sha512-IYv/2skhEDFc2WGUcqvFJkeK39Q+HyPf5GHUrT/l2pKbtgEIv1al1TKd6qStR5OIwQdN1GZP54ci3y4mroJWjA==",
			"license": "(CC-BY-4.0 AND MIT)",
			"dependencies": {
				"@fortawesome/fontawesome-common-types": "6.6.0"
			},
			"engines": {
				"node": ">=6"
			}
		},
		"node_modules/@fortawesome/react-fontawesome": {
			"version": "0.2.2",
			"resolved": "https://registry.npmjs.org/@fortawesome/react-fontawesome/-/react-fontawesome-0.2.2.tgz",
			"integrity": "sha512-EnkrprPNqI6SXJl//m29hpaNzOp1bruISWaOiRtkMi/xSvHJlzc2j2JAYS7egxt/EbjSNV/k6Xy0AQI6vB2+1g==",
			"license": "MIT",
			"dependencies": {
				"prop-types": "^15.8.1"
			},
			"peerDependencies": {
				"@fortawesome/fontawesome-svg-core": "~1 || ~6",
				"react": ">=16.3"
			}
		},
		"node_modules/@isaacs/cliui": {
			"version": "8.0.2",
			"license": "ISC",
			"dependencies": {
				"string-width": "^5.1.2",
				"string-width-cjs": "npm:string-width@^4.2.0",
				"strip-ansi": "^7.0.1",
				"strip-ansi-cjs": "npm:strip-ansi@^6.0.1",
				"wrap-ansi": "^8.1.0",
				"wrap-ansi-cjs": "npm:wrap-ansi@^7.0.0"
			},
			"engines": {
				"node": ">=12"
			}
		},
		"node_modules/@isaacs/cliui/node_modules/ansi-regex": {
			"version": "6.0.1",
			"license": "MIT",
			"engines": {
				"node": ">=12"
			},
			"funding": {
				"url": "https://github.com/chalk/ansi-regex?sponsor=1"
			}
		},
		"node_modules/@isaacs/cliui/node_modules/emoji-regex": {
			"version": "9.2.2",
			"license": "MIT"
		},
		"node_modules/@isaacs/cliui/node_modules/string-width": {
			"version": "5.1.2",
			"license": "MIT",
			"dependencies": {
				"eastasianwidth": "^0.2.0",
				"emoji-regex": "^9.2.2",
				"strip-ansi": "^7.0.1"
			},
			"engines": {
				"node": ">=12"
			},
			"funding": {
				"url": "https://github.com/sponsors/sindresorhus"
			}
		},
		"node_modules/@isaacs/cliui/node_modules/strip-ansi": {
			"version": "7.1.0",
			"license": "MIT",
			"dependencies": {
				"ansi-regex": "^6.0.1"
			},
			"engines": {
				"node": ">=12"
			},
			"funding": {
				"url": "https://github.com/chalk/strip-ansi?sponsor=1"
			}
		},
		"node_modules/@iwer/devui": {
			"version": "0.2.1",
			"resolved": "https://registry.npmjs.org/@iwer/devui/-/devui-0.2.1.tgz",
			"integrity": "sha512-fS4dxZn7FqBg77f9zQJxufG7gR6r2Q0TjCaCqLM1z0Br1Q/z/FjBJhUMRbTT4aKNRJIHdkRdTxIMWu8sLWca8Q==",
			"license": "MIT",
			"dependencies": {
				"@fortawesome/fontawesome-svg-core": "6.6.0",
				"@fortawesome/free-solid-svg-icons": "6.6.0",
				"@fortawesome/react-fontawesome": "0.2.2",
				"react": "18.3.1",
				"react-dom": "18.3.1",
				"styled-components": "6.1.13",
				"three": "0.168.0"
			},
			"peerDependencies": {
				"iwer": "^1.0.3"
			}
		},
		"node_modules/@iwer/devui/node_modules/three": {
			"version": "0.168.0",
			"resolved": "https://registry.npmjs.org/three/-/three-0.168.0.tgz",
			"integrity": "sha512-6m6jXtDwMJEK/GGMbAOTSAmxNdzKvvBzgd7q8bE/7Tr6m7PaBh5kKLrN7faWtlglXbzj7sVba48Idwx+NRsZXw==",
			"license": "MIT"
		},
		"node_modules/@iwer/sem": {
			"version": "0.1.0",
			"resolved": "file:iwer-sem-0.1.0.tgz",
			"integrity": "sha512-XrGlUGqBdy3yYXXCpThPqjb8uMTmCEgkCsnUXksG1enHRcDXs72KmyOQm74h+yJoyRikr2FIyY2QijL5E6YdBA==",
			"license": "MIT",
			"dependencies": {
				"three": "0.168.0",
				"ts-proto": "^2.6.0"
			},
			"peerDependencies": {
				"iwer": "^1.1.1"
			}
		},
		"node_modules/@iwer/sem/node_modules/three": {
			"version": "0.168.0",
			"resolved": "https://registry.npmjs.org/three/-/three-0.168.0.tgz",
			"integrity": "sha512-6m6jXtDwMJEK/GGMbAOTSAmxNdzKvvBzgd7q8bE/7Tr6m7PaBh5kKLrN7faWtlglXbzj7sVba48Idwx+NRsZXw==",
			"license": "MIT"
		},
		"node_modules/@jridgewell/gen-mapping": {
			"version": "0.3.5",
			"license": "MIT",
			"dependencies": {
				"@jridgewell/set-array": "^1.2.1",
				"@jridgewell/sourcemap-codec": "^1.4.10",
				"@jridgewell/trace-mapping": "^0.3.24"
			},
			"engines": {
				"node": ">=6.0.0"
			}
		},
		"node_modules/@jridgewell/resolve-uri": {
			"version": "3.1.0",
			"license": "MIT",
			"engines": {
				"node": ">=6.0.0"
			}
		},
		"node_modules/@jridgewell/set-array": {
			"version": "1.2.1",
			"license": "MIT",
			"engines": {
				"node": ">=6.0.0"
			}
		},
		"node_modules/@jridgewell/sourcemap-codec": {
			"version": "1.4.14",
			"license": "MIT"
		},
		"node_modules/@jridgewell/trace-mapping": {
			"version": "0.3.25",
			"license": "MIT",
			"dependencies": {
				"@jridgewell/resolve-uri": "^3.1.0",
				"@jridgewell/sourcemap-codec": "^1.4.14"
			}
		},
		"node_modules/@nodelib/fs.scandir": {
			"version": "2.1.5",
			"license": "MIT",
			"dependencies": {
				"@nodelib/fs.stat": "2.0.5",
				"run-parallel": "^1.1.9"
			},
			"engines": {
				"node": ">= 8"
			}
		},
		"node_modules/@nodelib/fs.stat": {
			"version": "2.0.5",
			"license": "MIT",
			"engines": {
				"node": ">= 8"
			}
		},
		"node_modules/@nodelib/fs.walk": {
			"version": "1.2.8",
			"license": "MIT",
			"dependencies": {
				"@nodelib/fs.scandir": "2.1.5",
				"fastq": "^1.6.0"
			},
			"engines": {
				"node": ">= 8"
			}
		},
		"node_modules/@pkgjs/parseargs": {
			"version": "0.11.0",
			"license": "MIT",
			"optional": true,
			"engines": {
				"node": ">=14"
			}
		},
		"node_modules/@pmndrs/msdfonts": {
			"version": "0.6.2",
			"resolved": "https://registry.npmjs.org/@pmndrs/msdfonts/-/msdfonts-0.6.2.tgz",
			"integrity": "sha512-sVBG6Dje3ZOHDZ3xbfAgBmof1KJTo/f0W1ilxpl4hziYvafVnDXUSA3KrrQNpdeq541Q5dNEq0PqRiTk0rfpyw=="
		},
		"node_modules/@pmndrs/uikit": {
			"version": "0.6.2",
			"resolved": "https://registry.npmjs.org/@pmndrs/uikit/-/uikit-0.6.2.tgz",
			"integrity": "sha512-yGo4TmidP4wm/vrWr3kgwiOugOjOc3bv0t2wdJ9W2ZnhEZCbFbk4/Rpcb784Y4tWaClL1BoIF4vjdwhlT+7JGw==",
			"dependencies": {
				"@pmndrs/msdfonts": "^0.6.2",
				"@preact/signals-core": "^1.5.1",
				"inline-style-parser": "^0.2.3",
				"node-html-parser": "^6.1.13",
				"tw-to-css": "^0.0.12",
				"yoga-layout": "^3.0.4"
			},
			"peerDependencies": {
				"three": ">=0.160"
			}
		},
		"node_modules/@preact/signals-core": {
			"version": "1.7.0",
			"license": "MIT",
			"funding": {
				"type": "opencollective",
				"url": "https://opencollective.com/preact"
			}
		},
		"node_modules/@types/stylis": {
			"version": "4.2.5",
			"resolved": "https://registry.npmjs.org/@types/stylis/-/stylis-4.2.5.tgz",
			"integrity": "sha512-1Xve+NMN7FWjY14vLoY5tL3BVEQ/n42YLwaqJIPYhotZ9uBHt87VceMwWQpzmdEt2TNXIorIFG+YeCUUW7RInw==",
			"license": "MIT"
		},
		"node_modules/ansi-regex": {
			"version": "5.0.1",
			"license": "MIT",
			"engines": {
				"node": ">=8"
			}
		},
		"node_modules/ansi-styles": {
			"version": "4.3.0",
			"license": "MIT",
			"dependencies": {
				"color-convert": "^2.0.1"
			},
			"engines": {
				"node": ">=8"
			},
			"funding": {
				"url": "https://github.com/chalk/ansi-styles?sponsor=1"
			}
		},
		"node_modules/any-promise": {
			"version": "1.3.0",
			"license": "MIT"
		},
		"node_modules/anymatch": {
			"version": "3.1.3",
			"license": "ISC",
			"dependencies": {
				"normalize-path": "^3.0.0",
				"picomatch": "^2.0.4"
			},
			"engines": {
				"node": ">= 8"
			}
		},
		"node_modules/arg": {
			"version": "5.0.2",
			"license": "MIT"
		},
		"node_modules/balanced-match": {
			"version": "1.0.2",
			"license": "MIT"
		},
		"node_modules/binary-extensions": {
			"version": "2.3.0",
			"license": "MIT",
			"engines": {
				"node": ">=8"
			},
			"funding": {
				"url": "https://github.com/sponsors/sindresorhus"
			}
		},
		"node_modules/boolbase": {
			"version": "1.0.0",
			"license": "ISC"
		},
		"node_modules/braces": {
			"version": "3.0.3",
			"license": "MIT",
			"dependencies": {
				"fill-range": "^7.1.1"
			},
			"engines": {
				"node": ">=8"
			}
		},
		"node_modules/camelcase-css": {
			"version": "2.0.1",
			"license": "MIT",
			"engines": {
				"node": ">= 6"
			}
		},
		"node_modules/camelize": {
			"version": "1.0.1",
			"resolved": "https://registry.npmjs.org/camelize/-/camelize-1.0.1.tgz",
			"integrity": "sha512-dU+Tx2fsypxTgtLoE36npi3UqcjSSMNYfkqgmoEhtZrraP5VWq0K7FkWVTYa8eMPtnU/G2txVsfdCJTn9uzpuQ==",
			"license": "MIT",
			"funding": {
				"url": "https://github.com/sponsors/ljharb"
			}
		},
		"node_modules/case-anything": {
			"version": "2.1.13",
			"resolved": "https://registry.npmjs.org/case-anything/-/case-anything-2.1.13.tgz",
			"integrity": "sha512-zlOQ80VrQ2Ue+ymH5OuM/DlDq64mEm+B9UTdHULv5osUMD6HalNTblf2b1u/m6QecjsnOkBpqVZ+XPwIVsy7Ng==",
			"license": "MIT",
			"engines": {
				"node": ">=12.13"
			},
			"funding": {
				"url": "https://github.com/sponsors/mesqueeb"
			}
		},
		"node_modules/chokidar": {
			"version": "3.6.0",
			"license": "MIT",
			"dependencies": {
				"anymatch": "~3.1.2",
				"braces": "~3.0.2",
				"glob-parent": "~5.1.2",
				"is-binary-path": "~2.1.0",
				"is-glob": "~4.0.1",
				"normalize-path": "~3.0.0",
				"readdirp": "~3.6.0"
			},
			"engines": {
				"node": ">= 8.10.0"
			},
			"funding": {
				"url": "https://paulmillr.com/funding/"
			},
			"optionalDependencies": {
				"fsevents": "~2.3.2"
			}
		},
		"node_modules/color-convert": {
			"version": "2.0.1",
			"license": "MIT",
			"dependencies": {
				"color-name": "~1.1.4"
			},
			"engines": {
				"node": ">=7.0.0"
			}
		},
		"node_modules/color-name": {
			"version": "1.1.4",
			"license": "MIT"
		},
		"node_modules/commander": {
			"version": "4.1.1",
			"license": "MIT",
			"engines": {
				"node": ">= 6"
			}
		},
		"node_modules/cross-spawn": {
			"version": "7.0.3",
			"license": "MIT",
			"dependencies": {
				"path-key": "^3.1.0",
				"shebang-command": "^2.0.0",
				"which": "^2.0.1"
			},
			"engines": {
				"node": ">= 8"
			}
		},
		"node_modules/css-color-keywords": {
			"version": "1.0.0",
			"resolved": "https://registry.npmjs.org/css-color-keywords/-/css-color-keywords-1.0.0.tgz",
			"integrity": "sha512-FyyrDHZKEjXDpNJYvVsV960FiqQyXc/LlYmsxl2BcdMb2WPx0OGRVgTg55rPSyLSNMqP52R9r8geSp7apN3Ofg==",
			"license": "ISC",
			"engines": {
				"node": ">=4"
			}
		},
		"node_modules/css-select": {
			"version": "5.1.0",
			"license": "BSD-2-Clause",
			"dependencies": {
				"boolbase": "^1.0.0",
				"css-what": "^6.1.0",
				"domhandler": "^5.0.2",
				"domutils": "^3.0.1",
				"nth-check": "^2.0.1"
			},
			"funding": {
				"url": "https://github.com/sponsors/fb55"
			}
		},
		"node_modules/css-to-react-native": {
			"version": "3.2.0",
			"resolved": "https://registry.npmjs.org/css-to-react-native/-/css-to-react-native-3.2.0.tgz",
			"integrity": "sha512-e8RKaLXMOFii+02mOlqwjbD00KSEKqblnpO9e++1aXS1fPQOpS1YoqdVHBqPjHNoxeF2mimzVqawm2KCbEdtHQ==",
			"license": "MIT",
			"dependencies": {
				"camelize": "^1.0.0",
				"css-color-keywords": "^1.0.0",
				"postcss-value-parser": "^4.0.2"
			}
		},
		"node_modules/css-what": {
			"version": "6.1.0",
			"license": "BSD-2-Clause",
			"engines": {
				"node": ">= 6"
			},
			"funding": {
				"url": "https://github.com/sponsors/fb55"
			}
		},
		"node_modules/cssesc": {
			"version": "3.0.0",
			"license": "MIT",
			"bin": {
				"cssesc": "bin/cssesc"
			},
			"engines": {
				"node": ">=4"
			}
		},
		"node_modules/csstype": {
			"version": "3.1.3",
			"resolved": "https://registry.npmjs.org/csstype/-/csstype-3.1.3.tgz",
			"integrity": "sha512-M1uQkMl8rQK/szD0LNhtqxIPLpimGm8sOBwU7lLnCpSbTyY3yeU1Vc7l4KT5zT4s/yOxHH5O7tIuuLOCnLADRw==",
			"license": "MIT"
		},
		"node_modules/detect-libc": {
			"version": "1.0.3",
			"resolved": "https://registry.npmjs.org/detect-libc/-/detect-libc-1.0.3.tgz",
			"integrity": "sha512-pGjwhsmsp4kL2RTz08wcOlGN83otlqHeD/Z5T8GXZB+/YcpQ/dgo+lbU8ZsGxV0HIvqqxo9l7mqYwyYMD9bKDg==",
			"license": "Apache-2.0",
			"bin": {
				"detect-libc": "bin/detect-libc.js"
			},
			"engines": {
				"node": ">=0.10"
			}
		},
		"node_modules/didyoumean": {
			"version": "1.2.2",
			"license": "Apache-2.0"
		},
		"node_modules/dlv": {
			"version": "1.1.3",
			"license": "MIT"
		},
		"node_modules/dom-serializer": {
			"version": "2.0.0",
			"license": "MIT",
			"dependencies": {
				"domelementtype": "^2.3.0",
				"domhandler": "^5.0.2",
				"entities": "^4.2.0"
			},
			"funding": {
				"url": "https://github.com/cheeriojs/dom-serializer?sponsor=1"
			}
		},
		"node_modules/domelementtype": {
			"version": "2.3.0",
			"funding": [
				{
					"type": "github",
					"url": "https://github.com/sponsors/fb55"
				}
			],
			"license": "BSD-2-Clause"
		},
		"node_modules/domhandler": {
			"version": "5.0.3",
			"license": "BSD-2-Clause",
			"dependencies": {
				"domelementtype": "^2.3.0"
			},
			"engines": {
				"node": ">= 4"
			},
			"funding": {
				"url": "https://github.com/fb55/domhandler?sponsor=1"
			}
		},
		"node_modules/domutils": {
			"version": "3.1.0",
			"license": "BSD-2-Clause",
			"dependencies": {
				"dom-serializer": "^2.0.0",
				"domelementtype": "^2.3.0",
				"domhandler": "^5.0.3"
			},
			"funding": {
				"url": "https://github.com/fb55/domutils?sponsor=1"
			}
		},
		"node_modules/dprint-node": {
			"version": "1.0.8",
			"resolved": "https://registry.npmjs.org/dprint-node/-/dprint-node-1.0.8.tgz",
			"integrity": "sha512-iVKnUtYfGrYcW1ZAlfR/F59cUVL8QIhWoBJoSjkkdua/dkWIgjZfiLMeTjiB06X0ZLkQ0M2C1VbUj/CxkIf1zg==",
			"license": "MIT",
			"dependencies": {
				"detect-libc": "^1.0.3"
			}
		},
		"node_modules/eastasianwidth": {
			"version": "0.2.0",
			"license": "MIT"
		},
		"node_modules/elics": {
			"version": "0.1.5",
			"license": "MIT"
		},
		"node_modules/emoji-regex": {
			"version": "8.0.0",
			"license": "MIT"
		},
		"node_modules/entities": {
			"version": "4.5.0",
			"license": "BSD-2-Clause",
			"engines": {
				"node": ">=0.12"
			},
			"funding": {
				"url": "https://github.com/fb55/entities?sponsor=1"
			}
		},
		"node_modules/extend": {
			"version": "3.0.2",
			"license": "MIT"
		},
		"node_modules/fast-glob": {
			"version": "3.3.2",
			"license": "MIT",
			"dependencies": {
				"@nodelib/fs.stat": "^2.0.2",
				"@nodelib/fs.walk": "^1.2.3",
				"glob-parent": "^5.1.2",
				"merge2": "^1.3.0",
				"micromatch": "^4.0.4"
			},
			"engines": {
				"node": ">=8.6.0"
			}
		},
		"node_modules/fastq": {
			"version": "1.17.1",
			"license": "ISC",
			"dependencies": {
				"reusify": "^1.0.4"
			}
		},
		"node_modules/fill-range": {
			"version": "7.1.1",
			"license": "MIT",
			"dependencies": {
				"to-regex-range": "^5.0.1"
			},
			"engines": {
				"node": ">=8"
			}
		},
		"node_modules/foreground-child": {
			"version": "3.2.1",
			"license": "ISC",
			"dependencies": {
				"cross-spawn": "^7.0.0",
				"signal-exit": "^4.0.1"
			},
			"engines": {
				"node": ">=14"
			},
			"funding": {
				"url": "https://github.com/sponsors/isaacs"
			}
		},
		"node_modules/fsevents": {
			"version": "2.3.3",
			"license": "MIT",
			"optional": true,
			"os": [
				"darwin"
			],
			"engines": {
				"node": "^8.16.0 || ^10.6.0 || >=11.0.0"
			}
		},
		"node_modules/function-bind": {
			"version": "1.1.2",
			"license": "MIT",
			"funding": {
				"url": "https://github.com/sponsors/ljharb"
			}
		},
		"node_modules/gamepad-wrapper": {
			"version": "1.3.4",
			"license": "MIT"
		},
		"node_modules/gl-matrix": {
			"version": "3.4.3",
			"resolved": "https://registry.npmjs.org/gl-matrix/-/gl-matrix-3.4.3.tgz",
			"integrity": "sha512-wcCp8vu8FT22BnvKVPjXa/ICBWRq/zjFfdofZy1WSpQZpphblv12/bOQLBC1rMM7SGOFS9ltVmKOHil5+Ml7gA==",
			"license": "MIT"
		},
		"node_modules/glob-parent": {
			"version": "5.1.2",
			"license": "ISC",
			"dependencies": {
				"is-glob": "^4.0.1"
			},
			"engines": {
				"node": ">= 6"
			}
		},
		"node_modules/hasown": {
			"version": "2.0.2",
			"license": "MIT",
			"dependencies": {
				"function-bind": "^1.1.2"
			},
			"engines": {
				"node": ">= 0.4"
			}
		},
		"node_modules/he": {
			"version": "1.2.0",
			"license": "MIT",
			"bin": {
				"he": "bin/he"
			}
		},
		"node_modules/inline-style-parser": {
			"version": "0.2.3",
			"license": "MIT"
		},
		"node_modules/is-binary-path": {
			"version": "2.1.0",
			"license": "MIT",
			"dependencies": {
				"binary-extensions": "^2.0.0"
			},
			"engines": {
				"node": ">=8"
			}
		},
		"node_modules/is-core-module": {
			"version": "2.15.0",
			"license": "MIT",
			"dependencies": {
				"hasown": "^2.0.2"
			},
			"engines": {
				"node": ">= 0.4"
			},
			"funding": {
				"url": "https://github.com/sponsors/ljharb"
			}
		},
		"node_modules/is-extglob": {
			"version": "2.1.1",
			"license": "MIT",
			"engines": {
				"node": ">=0.10.0"
			}
		},
		"node_modules/is-fullwidth-code-point": {
			"version": "3.0.0",
			"license": "MIT",
			"engines": {
				"node": ">=8"
			}
		},
		"node_modules/is-glob": {
			"version": "4.0.3",
			"license": "MIT",
			"dependencies": {
				"is-extglob": "^2.1.1"
			},
			"engines": {
				"node": ">=0.10.0"
			}
		},
		"node_modules/is-number": {
			"version": "7.0.0",
			"license": "MIT",
			"engines": {
				"node": ">=0.12.0"
			}
		},
		"node_modules/isexe": {
			"version": "2.0.0",
			"license": "ISC"
		},
		"node_modules/iwer": {
			"version": "1.1.1",
			"resolved": "https://registry.npmjs.org/iwer/-/iwer-1.1.1.tgz",
			"integrity": "sha512-yC2ATRmbGncXFTRiWXHIILq+5/kIxDeGIBPy9AYf45p9XKtHQ0ZAinPG9tfrdj+x4YGFDk5BymHDg8v9PvWz+w==",
			"license": "MIT",
			"dependencies": {
				"gl-matrix": "^3.4.3"
			}
		},
		"node_modules/jackspeak": {
			"version": "3.4.3",
			"license": "BlueOak-1.0.0",
			"dependencies": {
				"@isaacs/cliui": "^8.0.2"
			},
			"funding": {
				"url": "https://github.com/sponsors/isaacs"
			},
			"optionalDependencies": {
				"@pkgjs/parseargs": "^0.11.0"
			}
		},
		"node_modules/jiti": {
			"version": "1.21.6",
			"license": "MIT",
			"bin": {
				"jiti": "bin/jiti.js"
			}
		},
		"node_modules/js-tokens": {
			"version": "4.0.0",
			"resolved": "https://registry.npmjs.org/js-tokens/-/js-tokens-4.0.0.tgz",
			"integrity": "sha512-RdJUflcE3cUzKiMqQgsCu06FPu9UdIJO0beYbPhHN4k6apgJtifcoCtT9bcxOpYBtpD2kCM6Sbzg4CausW/PKQ==",
			"license": "MIT"
		},
		"node_modules/lilconfig": {
			"version": "2.1.0",
			"license": "MIT",
			"engines": {
				"node": ">=10"
			}
		},
		"node_modules/lines-and-columns": {
			"version": "1.2.4",
			"license": "MIT"
		},
		"node_modules/loose-envify": {
			"version": "1.4.0",
			"resolved": "https://registry.npmjs.org/loose-envify/-/loose-envify-1.4.0.tgz",
			"integrity": "sha512-lyuxPGr/Wfhrlem2CL/UcnUc1zcqKAImBDzukY7Y5F/yQiNdko6+fRLevlw1HgMySw7f611UIY408EtxRSoK3Q==",
			"license": "MIT",
			"dependencies": {
				"js-tokens": "^3.0.0 || ^4.0.0"
			},
			"bin": {
				"loose-envify": "cli.js"
			}
		},
		"node_modules/merge2": {
			"version": "1.4.1",
			"license": "MIT",
			"engines": {
				"node": ">= 8"
			}
		},
		"node_modules/micromatch": {
			"version": "4.0.8",
			"resolved": "https://registry.npmjs.org/micromatch/-/micromatch-4.0.8.tgz",
			"integrity": "sha512-PXwfBhYu0hBCPw8Dn0E+WDYb7af3dSLVWKi3HGv84IdF4TyFoC0ysxFd0Goxw7nSv4T/PzEJQxsYsEiFCKo2BA==",
			"dependencies": {
				"braces": "^3.0.3",
				"picomatch": "^2.3.1"
			},
			"engines": {
				"node": ">=8.6"
			}
		},
		"node_modules/minipass": {
			"version": "7.1.2",
			"license": "ISC",
			"engines": {
				"node": ">=16 || 14 >=14.17"
			}
		},
		"node_modules/mz": {
			"version": "2.7.0",
			"license": "MIT",
			"dependencies": {
				"any-promise": "^1.0.0",
				"object-assign": "^4.0.1",
				"thenify-all": "^1.0.0"
			}
		},
		"node_modules/nanoid": {
			"version": "3.3.7",
			"funding": [
				{
					"type": "github",
					"url": "https://github.com/sponsors/ai"
				}
			],
			"license": "MIT",
			"bin": {
				"nanoid": "bin/nanoid.cjs"
			},
			"engines": {
				"node": "^10 || ^12 || ^13.7 || ^14 || >=15.0.1"
			}
		},
		"node_modules/node-html-parser": {
			"version": "6.1.13",
			"license": "MIT",
			"dependencies": {
				"css-select": "^5.1.0",
				"he": "1.2.0"
			}
		},
		"node_modules/normalize-path": {
			"version": "3.0.0",
			"license": "MIT",
			"engines": {
				"node": ">=0.10.0"
			}
		},
		"node_modules/nth-check": {
			"version": "2.1.1",
			"license": "BSD-2-Clause",
			"dependencies": {
				"boolbase": "^1.0.0"
			},
			"funding": {
				"url": "https://github.com/fb55/nth-check?sponsor=1"
			}
		},
		"node_modules/object-assign": {
			"version": "4.1.1",
			"license": "MIT",
			"engines": {
				"node": ">=0.10.0"
			}
		},
		"node_modules/object-hash": {
			"version": "3.0.0",
			"license": "MIT",
			"engines": {
				"node": ">= 6"
			}
		},
		"node_modules/package-json-from-dist": {
			"version": "1.0.0",
			"license": "BlueOak-1.0.0"
		},
		"node_modules/path-key": {
			"version": "3.1.1",
			"license": "MIT",
			"engines": {
				"node": ">=8"
			}
		},
		"node_modules/path-parse": {
			"version": "1.0.7",
			"license": "MIT"
		},
		"node_modules/path-scurry": {
			"version": "1.11.1",
			"license": "BlueOak-1.0.0",
			"dependencies": {
				"lru-cache": "^10.2.0",
				"minipass": "^5.0.0 || ^6.0.2 || ^7.0.0"
			},
			"engines": {
				"node": ">=16 || 14 >=14.18"
			},
			"funding": {
				"url": "https://github.com/sponsors/isaacs"
			}
		},
		"node_modules/path-scurry/node_modules/lru-cache": {
			"version": "10.4.3",
			"license": "ISC"
		},
		"node_modules/picocolors": {
			"version": "1.0.1",
			"license": "ISC"
		},
		"node_modules/picomatch": {
			"version": "2.3.1",
			"license": "MIT",
			"engines": {
				"node": ">=8.6"
			},
			"funding": {
				"url": "https://github.com/sponsors/jonschlinkert"
			}
		},
		"node_modules/pify": {
			"version": "2.3.0",
			"license": "MIT",
			"engines": {
				"node": ">=0.10.0"
			}
		},
		"node_modules/pirates": {
			"version": "4.0.6",
			"license": "MIT",
			"engines": {
				"node": ">= 6"
			}
		},
		"node_modules/postcss": {
			"version": "8.4.40",
			"funding": [
				{
					"type": "opencollective",
					"url": "https://opencollective.com/postcss/"
				},
				{
					"type": "tidelift",
					"url": "https://tidelift.com/funding/github/npm/postcss"
				},
				{
					"type": "github",
					"url": "https://github.com/sponsors/ai"
				}
			],
			"license": "MIT",
			"dependencies": {
				"nanoid": "^3.3.7",
				"picocolors": "^1.0.1",
				"source-map-js": "^1.2.0"
			},
			"engines": {
				"node": "^10 || ^12 || >=14"
			}
		},
		"node_modules/postcss-css-variables": {
			"version": "0.18.0",
			"license": "MIT",
			"dependencies": {
				"balanced-match": "^1.0.0",
				"escape-string-regexp": "^1.0.3",
				"extend": "^3.0.1"
			},
			"peerDependencies": {
				"postcss": "^8.2.6"
			}
		},
		"node_modules/postcss-css-variables/node_modules/escape-string-regexp": {
			"version": "1.0.5",
			"license": "MIT",
			"engines": {
				"node": ">=0.8.0"
			}
		},
		"node_modules/postcss-import": {
			"version": "15.1.0",
			"license": "MIT",
			"dependencies": {
				"postcss-value-parser": "^4.0.0",
				"read-cache": "^1.0.0",
				"resolve": "^1.1.7"
			},
			"engines": {
				"node": ">=14.0.0"
			},
			"peerDependencies": {
				"postcss": "^8.0.0"
			}
		},
		"node_modules/postcss-js": {
			"version": "4.0.1",
			"license": "MIT",
			"dependencies": {
				"camelcase-css": "^2.0.1"
			},
			"engines": {
				"node": "^12 || ^14 || >= 16"
			},
			"funding": {
				"type": "opencollective",
				"url": "https://opencollective.com/postcss/"
			},
			"peerDependencies": {
				"postcss": "^8.4.21"
			}
		},
		"node_modules/postcss-load-config": {
			"version": "4.0.2",
			"funding": [
				{
					"type": "opencollective",
					"url": "https://opencollective.com/postcss/"
				},
				{
					"type": "github",
					"url": "https://github.com/sponsors/ai"
				}
			],
			"license": "MIT",
			"dependencies": {
				"lilconfig": "^3.0.0",
				"yaml": "^2.3.4"
			},
			"engines": {
				"node": ">= 14"
			},
			"peerDependencies": {
				"postcss": ">=8.0.9",
				"ts-node": ">=9.0.0"
			},
			"peerDependenciesMeta": {
				"postcss": {
					"optional": true
				},
				"ts-node": {
					"optional": true
				}
			}
		},
		"node_modules/postcss-load-config/node_modules/lilconfig": {
			"version": "3.1.2",
			"license": "MIT",
			"engines": {
				"node": ">=14"
			},
			"funding": {
				"url": "https://github.com/sponsors/antonk52"
			}
		},
		"node_modules/postcss-nested": {
			"version": "6.2.0",
			"funding": [
				{
					"type": "opencollective",
					"url": "https://opencollective.com/postcss/"
				},
				{
					"type": "github",
					"url": "https://github.com/sponsors/ai"
				}
			],
			"license": "MIT",
			"dependencies": {
				"postcss-selector-parser": "^6.1.1"
			},
			"engines": {
				"node": ">=12.0"
			},
			"peerDependencies": {
				"postcss": "^8.2.14"
			}
		},
		"node_modules/postcss-selector-parser": {
			"version": "6.1.1",
			"license": "MIT",
			"dependencies": {
				"cssesc": "^3.0.0",
				"util-deprecate": "^1.0.2"
			},
			"engines": {
				"node": ">=4"
			}
		},
		"node_modules/postcss-value-parser": {
			"version": "4.2.0",
			"license": "MIT"
		},
		"node_modules/prop-types": {
			"version": "15.8.1",
			"resolved": "https://registry.npmjs.org/prop-types/-/prop-types-15.8.1.tgz",
			"integrity": "sha512-oj87CgZICdulUohogVAR7AjlC0327U4el4L6eAvOqCeudMDVU0NThNaV+b9Df4dXgSP1gXMTnPdhfe/2qDH5cg==",
			"license": "MIT",
			"dependencies": {
				"loose-envify": "^1.4.0",
				"object-assign": "^4.1.1",
				"react-is": "^16.13.1"
			}
		},
		"node_modules/queue-microtask": {
			"version": "1.2.3",
			"funding": [
				{
					"type": "github",
					"url": "https://github.com/sponsors/feross"
				},
				{
					"type": "patreon",
					"url": "https://www.patreon.com/feross"
				},
				{
					"type": "consulting",
					"url": "https://feross.org/support"
				}
			],
			"license": "MIT"
		},
		"node_modules/ratk": {
			"version": "0.3.0",
			"license": "MIT",
			"peerDependencies": {
				"three": ">0.121.1"
			}
		},
		"node_modules/react": {
			"version": "18.3.1",
			"resolved": "https://registry.npmjs.org/react/-/react-18.3.1.tgz",
			"integrity": "sha512-wS+hAgJShR0KhEvPJArfuPVN1+Hz1t0Y6n5jLrGQbkb4urgPE/0Rve+1kMB1v/oWgHgm4WIcV+i7F2pTVj+2iQ==",
			"license": "MIT",
			"dependencies": {
				"loose-envify": "^1.1.0"
			},
			"engines": {
				"node": ">=0.10.0"
			}
		},
		"node_modules/react-dom": {
			"version": "18.3.1",
			"resolved": "https://registry.npmjs.org/react-dom/-/react-dom-18.3.1.tgz",
			"integrity": "sha512-5m4nQKp+rZRb09LNH59GM4BxTh9251/ylbKIbpe7TpGxfJ+9kv6BLkLBXIjjspbgbnIBNqlI23tRnTWT0snUIw==",
			"license": "MIT",
			"dependencies": {
				"loose-envify": "^1.1.0",
				"scheduler": "^0.23.2"
			},
			"peerDependencies": {
				"react": "^18.3.1"
			}
		},
		"node_modules/react-is": {
			"version": "16.13.1",
			"resolved": "https://registry.npmjs.org/react-is/-/react-is-16.13.1.tgz",
			"integrity": "sha512-24e6ynE2H+OKt4kqsOvNd8kBpV65zoxbA4BVsEOB3ARVWQki/DHzaUoC5KuON/BiccDaCCTZBuOcfZs70kR8bQ==",
			"license": "MIT"
		},
		"node_modules/read-cache": {
			"version": "1.0.0",
			"license": "MIT",
			"dependencies": {
				"pify": "^2.3.0"
			}
		},
		"node_modules/readdirp": {
			"version": "3.6.0",
			"license": "MIT",
			"dependencies": {
				"picomatch": "^2.2.1"
			},
			"engines": {
				"node": ">=8.10.0"
			}
		},
		"node_modules/resolve": {
			"version": "1.22.8",
			"license": "MIT",
			"dependencies": {
				"is-core-module": "^2.13.0",
				"path-parse": "^1.0.7",
				"supports-preserve-symlinks-flag": "^1.0.0"
			},
			"bin": {
				"resolve": "bin/resolve"
			},
			"funding": {
				"url": "https://github.com/sponsors/ljharb"
			}
		},
		"node_modules/reusify": {
			"version": "1.0.4",
			"license": "MIT",
			"engines": {
				"iojs": ">=1.0.0",
				"node": ">=0.10.0"
			}
		},
		"node_modules/run-parallel": {
			"version": "1.2.0",
			"funding": [
				{
					"type": "github",
					"url": "https://github.com/sponsors/feross"
				},
				{
					"type": "patreon",
					"url": "https://www.patreon.com/feross"
				},
				{
					"type": "consulting",
					"url": "https://feross.org/support"
				}
			],
			"license": "MIT",
			"dependencies": {
				"queue-microtask": "^1.2.2"
			}
		},
		"node_modules/scheduler": {
			"version": "0.23.2",
			"resolved": "https://registry.npmjs.org/scheduler/-/scheduler-0.23.2.tgz",
			"integrity": "sha512-UOShsPwz7NrMUqhR6t0hWjFduvOzbtv7toDH1/hIrfRNIDBnnBWd0CwJTGvTpngVlmwGCdP9/Zl/tVrDqcuYzQ==",
			"license": "MIT",
			"dependencies": {
				"loose-envify": "^1.1.0"
			}
		},
		"node_modules/shallowequal": {
			"version": "1.1.0",
			"resolved": "https://registry.npmjs.org/shallowequal/-/shallowequal-1.1.0.tgz",
			"integrity": "sha512-y0m1JoUZSlPAjXVtPPW70aZWfIL/dSP7AFkRnniLCrK/8MDKog3TySTBmckD+RObVxH0v4Tox67+F14PdED2oQ==",
			"license": "MIT"
		},
		"node_modules/shebang-command": {
			"version": "2.0.0",
			"license": "MIT",
			"dependencies": {
				"shebang-regex": "^3.0.0"
			},
			"engines": {
				"node": ">=8"
			}
		},
		"node_modules/shebang-regex": {
			"version": "3.0.0",
			"license": "MIT",
			"engines": {
				"node": ">=8"
			}
		},
		"node_modules/signal-exit": {
			"version": "4.1.0",
			"license": "ISC",
			"engines": {
				"node": ">=14"
			},
			"funding": {
				"url": "https://github.com/sponsors/isaacs"
			}
		},
		"node_modules/source-map-js": {
			"version": "1.2.0",
			"license": "BSD-3-Clause",
			"engines": {
				"node": ">=0.10.0"
			}
		},
		"node_modules/string-width": {
			"version": "4.2.3",
			"license": "MIT",
			"dependencies": {
				"emoji-regex": "^8.0.0",
				"is-fullwidth-code-point": "^3.0.0",
				"strip-ansi": "^6.0.1"
			},
			"engines": {
				"node": ">=8"
			}
		},
		"node_modules/string-width-cjs": {
			"name": "string-width",
			"version": "4.2.3",
			"license": "MIT",
			"dependencies": {
				"emoji-regex": "^8.0.0",
				"is-fullwidth-code-point": "^3.0.0",
				"strip-ansi": "^6.0.1"
			},
			"engines": {
				"node": ">=8"
			}
		},
		"node_modules/strip-ansi": {
			"version": "6.0.1",
			"license": "MIT",
			"dependencies": {
				"ansi-regex": "^5.0.1"
			},
			"engines": {
				"node": ">=8"
			}
		},
		"node_modules/strip-ansi-cjs": {
			"name": "strip-ansi",
			"version": "6.0.1",
			"license": "MIT",
			"dependencies": {
				"ansi-regex": "^5.0.1"
			},
			"engines": {
				"node": ">=8"
			}
		},
		"node_modules/styled-components": {
			"version": "6.1.13",
			"resolved": "https://registry.npmjs.org/styled-components/-/styled-components-6.1.13.tgz",
			"integrity": "sha512-M0+N2xSnAtwcVAQeFEsGWFFxXDftHUD7XrKla06QbpUMmbmtFBMMTcKWvFXtWxuD5qQkB8iU5gk6QASlx2ZRMw==",
			"license": "MIT",
			"dependencies": {
				"@emotion/is-prop-valid": "1.2.2",
				"@emotion/unitless": "0.8.1",
				"@types/stylis": "4.2.5",
				"css-to-react-native": "3.2.0",
				"csstype": "3.1.3",
				"postcss": "8.4.38",
				"shallowequal": "1.1.0",
				"stylis": "4.3.2",
				"tslib": "2.6.2"
			},
			"engines": {
				"node": ">= 16"
			},
			"funding": {
				"type": "opencollective",
				"url": "https://opencollective.com/styled-components"
			},
			"peerDependencies": {
				"react": ">= 16.8.0",
				"react-dom": ">= 16.8.0"
			}
		},
		"node_modules/styled-components/node_modules/postcss": {
			"version": "8.4.38",
			"resolved": "https://registry.npmjs.org/postcss/-/postcss-8.4.38.tgz",
			"integrity": "sha512-Wglpdk03BSfXkHoQa3b/oulrotAkwrlLDRSOb9D0bN86FdRyE9lppSp33aHNPgBa0JKCoB+drFLZkQoRRYae5A==",
			"funding": [
				{
					"type": "opencollective",
					"url": "https://opencollective.com/postcss/"
				},
				{
					"type": "tidelift",
					"url": "https://tidelift.com/funding/github/npm/postcss"
				},
				{
					"type": "github",
					"url": "https://github.com/sponsors/ai"
				}
			],
			"license": "MIT",
			"dependencies": {
				"nanoid": "^3.3.7",
				"picocolors": "^1.0.0",
				"source-map-js": "^1.2.0"
			},
			"engines": {
				"node": "^10 || ^12 || >=14"
			}
		},
		"node_modules/stylis": {
			"version": "4.3.2",
			"resolved": "https://registry.npmjs.org/stylis/-/stylis-4.3.2.tgz",
			"integrity": "sha512-bhtUjWd/z6ltJiQwg0dUfxEJ+W+jdqQd8TbWLWyeIJHlnsqmGLRFFd8e5mA0AZi/zx90smXRlN66YMTcaSFifg==",
			"license": "MIT"
		},
		"node_modules/sucrase": {
			"version": "3.35.0",
			"license": "MIT",
			"dependencies": {
				"@jridgewell/gen-mapping": "^0.3.2",
				"commander": "^4.0.0",
				"glob": "^10.3.10",
				"lines-and-columns": "^1.1.6",
				"mz": "^2.7.0",
				"pirates": "^4.0.1",
				"ts-interface-checker": "^0.1.9"
			},
			"bin": {
				"sucrase": "bin/sucrase",
				"sucrase-node": "bin/sucrase-node"
			},
			"engines": {
				"node": ">=16 || 14 >=14.17"
			}
		},
		"node_modules/sucrase/node_modules/brace-expansion": {
			"version": "2.0.1",
			"license": "MIT",
			"dependencies": {
				"balanced-match": "^1.0.0"
			}
		},
		"node_modules/sucrase/node_modules/glob": {
			"version": "10.4.5",
			"license": "ISC",
			"dependencies": {
				"foreground-child": "^3.1.0",
				"jackspeak": "^3.1.2",
				"minimatch": "^9.0.4",
				"minipass": "^7.1.2",
				"package-json-from-dist": "^1.0.0",
				"path-scurry": "^1.11.1"
			},
			"bin": {
				"glob": "dist/esm/bin.mjs"
			},
			"funding": {
				"url": "https://github.com/sponsors/isaacs"
			}
		},
		"node_modules/sucrase/node_modules/minimatch": {
			"version": "9.0.5",
			"license": "ISC",
			"dependencies": {
				"brace-expansion": "^2.0.1"
			},
			"engines": {
				"node": ">=16 || 14 >=14.17"
			},
			"funding": {
				"url": "https://github.com/sponsors/isaacs"
			}
		},
		"node_modules/supports-preserve-symlinks-flag": {
			"version": "1.0.0",
			"license": "MIT",
			"engines": {
				"node": ">= 0.4"
			},
			"funding": {
				"url": "https://github.com/sponsors/ljharb"
			}
		},
		"node_modules/tailwindcss": {
			"version": "3.3.2",
			"license": "MIT",
			"dependencies": {
				"@alloc/quick-lru": "^5.2.0",
				"arg": "^5.0.2",
				"chokidar": "^3.5.3",
				"didyoumean": "^1.2.2",
				"dlv": "^1.1.3",
				"fast-glob": "^3.2.12",
				"glob-parent": "^6.0.2",
				"is-glob": "^4.0.3",
				"jiti": "^1.18.2",
				"lilconfig": "^2.1.0",
				"micromatch": "^4.0.5",
				"normalize-path": "^3.0.0",
				"object-hash": "^3.0.0",
				"picocolors": "^1.0.0",
				"postcss": "^8.4.23",
				"postcss-import": "^15.1.0",
				"postcss-js": "^4.0.1",
				"postcss-load-config": "^4.0.1",
				"postcss-nested": "^6.0.1",
				"postcss-selector-parser": "^6.0.11",
				"postcss-value-parser": "^4.2.0",
				"resolve": "^1.22.2",
				"sucrase": "^3.32.0"
			},
			"bin": {
				"tailwind": "lib/cli.js",
				"tailwindcss": "lib/cli.js"
			},
			"engines": {
				"node": ">=14.0.0"
			}
		},
		"node_modules/tailwindcss/node_modules/glob-parent": {
			"version": "6.0.2",
			"license": "ISC",
			"dependencies": {
				"is-glob": "^4.0.3"
			},
			"engines": {
				"node": ">=10.13.0"
			}
		},
		"node_modules/thenify": {
			"version": "3.3.1",
			"license": "MIT",
			"dependencies": {
				"any-promise": "^1.0.0"
			}
		},
		"node_modules/thenify-all": {
			"version": "1.6.0",
			"license": "MIT",
			"dependencies": {
				"thenify": ">= 3.1.0 < 4"
			},
			"engines": {
				"node": ">=0.8"
			}
		},
		"node_modules/three": {
			"name": "super-three",
			"version": "0.165.0",
			"resolved": "https://registry.npmjs.org/super-three/-/super-three-0.165.0.tgz",
			"integrity": "sha512-eWPg+uVNXNi/49Hlge87PIbBlreyrtsfplQpY/UZ5sgcr9z9PL/w3YKj2vG9FQaSqOleP3me6NqDvL4JPGT/WA=="
		},
		"node_modules/three-mesh-bvh": {
			"version": "0.8.2",
			"resolved": "https://registry.npmjs.org/three-mesh-bvh/-/three-mesh-bvh-0.8.2.tgz",
			"integrity": "sha512-AgzhAicMVLOJKU7i7ERzLT7A27vqnWThenOm8elljOh9tyz+yffOVzlZReYBtL3G/of3W2mPbsaDA2B7UzZR5g==",
			"peerDependencies": {
				"three": ">= 0.159.0"
			}
		},
		"node_modules/to-regex-range": {
			"version": "5.0.1",
			"license": "MIT",
			"dependencies": {
				"is-number": "^7.0.0"
			},
			"engines": {
				"node": ">=8.0"
			}
		},
		"node_modules/ts-interface-checker": {
			"version": "0.1.13",
			"license": "Apache-2.0"
		},
		"node_modules/ts-poet": {
			"version": "6.9.0",
			"resolved": "https://registry.npmjs.org/ts-poet/-/ts-poet-6.9.0.tgz",
			"integrity": "sha512-roe6W6MeZmCjRmppyfOURklO5tQFQ6Sg7swURKkwYJvV7dbGCrK28um5+51iW3twdPRKtwarqFAVMU6G1mvnuQ==",
			"license": "Apache-2.0",
			"dependencies": {
				"dprint-node": "^1.0.8"
			}
		},
		"node_modules/ts-proto": {
			"version": "2.6.1",
			"resolved": "https://registry.npmjs.org/ts-proto/-/ts-proto-2.6.1.tgz",
			"integrity": "sha512-4LTT99MkwkF1+fIA0b2mZu/58Qlpq3Q1g53TwEMZZgR1w/uX00PoVT4Z8aKJxMw0LeKQD4s9NrJYsF27Clckrg==",
			"license": "ISC",
			"dependencies": {
				"@bufbuild/protobuf": "^2.0.0",
				"case-anything": "^2.1.13",
				"ts-poet": "^6.7.0",
				"ts-proto-descriptors": "2.0.0"
			},
			"bin": {
				"protoc-gen-ts_proto": "protoc-gen-ts_proto"
			}
		},
		"node_modules/ts-proto-descriptors": {
			"version": "2.0.0",
			"resolved": "https://registry.npmjs.org/ts-proto-descriptors/-/ts-proto-descriptors-2.0.0.tgz",
			"integrity": "sha512-wHcTH3xIv11jxgkX5OyCSFfw27agpInAd6yh89hKG6zqIXnjW9SYqSER2CVQxdPj4czeOhGagNvZBEbJPy7qkw==",
			"license": "ISC",
			"dependencies": {
				"@bufbuild/protobuf": "^2.0.0"
			}
		},
		"node_modules/tslib": {
			"version": "2.6.2",
			"resolved": "https://registry.npmjs.org/tslib/-/tslib-2.6.2.tgz",
			"integrity": "sha512-AEYxH93jGFPn/a2iVAwW87VuUIkR1FVUKB77NwMF7nBTDkDrrT/Hpt/IrCJ0QXhW27jTBDcf5ZY7w6RiqTMw2Q==",
			"license": "0BSD"
		},
		"node_modules/tw-to-css": {
			"version": "0.0.12",
			"license": "MIT",
			"dependencies": {
				"postcss": "8.4.31",
				"postcss-css-variables": "0.18.0",
				"tailwindcss": "3.3.2"
			},
			"engines": {
				"node": ">=16.0.0"
			}
		},
		"node_modules/tw-to-css/node_modules/postcss": {
			"version": "8.4.31",
			"funding": [
				{
					"type": "opencollective",
					"url": "https://opencollective.com/postcss/"
				},
				{
					"type": "tidelift",
					"url": "https://tidelift.com/funding/github/npm/postcss"
				},
				{
					"type": "github",
					"url": "https://github.com/sponsors/ai"
				}
			],
			"license": "MIT",
			"dependencies": {
				"nanoid": "^3.3.6",
				"picocolors": "^1.0.0",
				"source-map-js": "^1.0.2"
			},
			"engines": {
				"node": "^10 || ^12 || >=14"
			}
		},
		"node_modules/util-deprecate": {
			"version": "1.0.2",
			"license": "MIT"
		},
		"node_modules/which": {
			"version": "2.0.2",
			"license": "ISC",
			"dependencies": {
				"isexe": "^2.0.0"
			},
			"bin": {
				"node-which": "bin/node-which"
			},
			"engines": {
				"node": ">= 8"
			}
		},
		"node_modules/wrap-ansi": {
			"version": "8.1.0",
			"license": "MIT",
			"dependencies": {
				"ansi-styles": "^6.1.0",
				"string-width": "^5.0.1",
				"strip-ansi": "^7.0.1"
			},
			"engines": {
				"node": ">=12"
			},
			"funding": {
				"url": "https://github.com/chalk/wrap-ansi?sponsor=1"
			}
		},
		"node_modules/wrap-ansi-cjs": {
			"name": "wrap-ansi",
			"version": "7.0.0",
			"license": "MIT",
			"dependencies": {
				"ansi-styles": "^4.0.0",
				"string-width": "^4.1.0",
				"strip-ansi": "^6.0.0"
			},
			"engines": {
				"node": ">=10"
			},
			"funding": {
				"url": "https://github.com/chalk/wrap-ansi?sponsor=1"
			}
		},
		"node_modules/wrap-ansi/node_modules/ansi-regex": {
			"version": "6.0.1",
			"license": "MIT",
			"engines": {
				"node": ">=12"
			},
			"funding": {
				"url": "https://github.com/chalk/ansi-regex?sponsor=1"
			}
		},
		"node_modules/wrap-ansi/node_modules/ansi-styles": {
			"version": "6.2.1",
			"license": "MIT",
			"engines": {
				"node": ">=12"
			},
			"funding": {
				"url": "https://github.com/chalk/ansi-styles?sponsor=1"
			}
		},
		"node_modules/wrap-ansi/node_modules/emoji-regex": {
			"version": "9.2.2",
			"license": "MIT"
		},
		"node_modules/wrap-ansi/node_modules/string-width": {
			"version": "5.1.2",
			"license": "MIT",
			"dependencies": {
				"eastasianwidth": "^0.2.0",
				"emoji-regex": "^9.2.2",
				"strip-ansi": "^7.0.1"
			},
			"engines": {
				"node": ">=12"
			},
			"funding": {
				"url": "https://github.com/sponsors/sindresorhus"
			}
		},
		"node_modules/wrap-ansi/node_modules/strip-ansi": {
			"version": "7.1.0",
			"license": "MIT",
			"dependencies": {
				"ansi-regex": "^6.0.1"
			},
			"engines": {
				"node": ">=12"
			},
			"funding": {
				"url": "https://github.com/chalk/strip-ansi?sponsor=1"
			}
		},
		"node_modules/yaml": {
			"version": "2.5.0",
			"license": "ISC",
			"bin": {
				"yaml": "bin.mjs"
			},
			"engines": {
				"node": ">= 14"
			}
		},
		"node_modules/yoga-layout": {
			"version": "3.1.0",
			"license": "MIT"
		}
	}
}
